// !$*UTF8*$!
{
	archiveVersion = 1;
	classes = {
	};
	objectVersion = 50;
	objects = {

/* Begin PBXBuildFile section */
		7BF83F79217B6601008476DC /* AppDelegate.m in Sources */ = {isa = PBXBuildFile; fileRef = 7BF83F78217B6601008476DC /* AppDelegate.m */; };
		7BF83F7C217B6601008476DC /* ViewController.m in Sources */ = {isa = PBXBuildFile; fileRef = 7BF83F7B217B6601008476DC /* ViewController.m */; };
		7BF83F7F217B6601008476DC /* Main.storyboard in Resources */ = {isa = PBXBuildFile; fileRef = 7BF83F7D217B6601008476DC /* Main.storyboard */; };
		7BF83F81217B6602008476DC /* Assets.xcassets in Resources */ = {isa = PBXBuildFile; fileRef = 7BF83F80217B6602008476DC /* Assets.xcassets */; };
		7BF83F84217B6602008476DC /* LaunchScreen.storyboard in Resources */ = {isa = PBXBuildFile; fileRef = 7BF83F82217B6602008476DC /* LaunchScreen.storyboard */; };
		7BF83F87217B6602008476DC /* main.m in Sources */ = {isa = PBXBuildFile; fileRef = 7BF83F86217B6602008476DC /* main.m */; };
		7BF83F90217B66DD008476DC /* WindowsAzureMessaging.framework in Frameworks */ = {isa = PBXBuildFile; fileRef = 7BF83F8F217B66DC008476DC /* WindowsAzureMessaging.framework */; };
/* End PBXBuildFile section */

/* Begin PBXFileReference section */
		7BF83F74217B6601008476DC /* SmartoneHackElevator.app */ = {isa = PBXFileReference; explicitFileType = wrapper.application; includeInIndex = 0; path = SmartoneHackElevator.app; sourceTree = BUILT_PRODUCTS_DIR; };
		7BF83F77217B6601008476DC /* AppDelegate.h */ = {isa = PBXFileReference; lastKnownFileType = sourcecode.c.h; path = AppDelegate.h; sourceTree = "<group>"; };
		7BF83F78217B6601008476DC /* AppDelegate.m */ = {isa = PBXFileReference; lastKnownFileType = sourcecode.c.objc; path = AppDelegate.m; sourceTree = "<group>"; };
		7BF83F7A217B6601008476DC /* ViewController.h */ = {isa = PBXFileReference; lastKnownFileType = sourcecode.c.h; path = ViewController.h; sourceTree = "<group>"; };
		7BF83F7B217B6601008476DC /* ViewController.m */ = {isa = PBXFileReference; lastKnownFileType = sourcecode.c.objc; path = ViewController.m; sourceTree = "<group>"; };
		7BF83F7E217B6601008476DC /* Base */ = {isa = PBXFileReference; lastKnownFileType = file.storyboard; name = Base; path = Base.lproj/Main.storyboard; sourceTree = "<group>"; };
		7BF83F80217B6602008476DC /* Assets.xcassets */ = {isa = PBXFileReference; lastKnownFileType = folder.assetcatalog; path = Assets.xcassets; sourceTree = "<group>"; };
		7BF83F83217B6602008476DC /* Base */ = {isa = PBXFileReference; lastKnownFileType = file.storyboard; name = Base; path = Base.lproj/LaunchScreen.storyboard; sourceTree = "<group>"; };
		7BF83F85217B6602008476DC /* Info.plist */ = {isa = PBXFileReference; lastKnownFileType = text.plist.xml; path = Info.plist; sourceTree = "<group>"; };
		7BF83F86217B6602008476DC /* main.m */ = {isa = PBXFileReference; lastKnownFileType = sourcecode.c.objc; path = main.m; sourceTree = "<group>"; };
		7BF83F8D217B6621008476DC /* SmartoneHackElevator.entitlements */ = {isa = PBXFileReference; lastKnownFileType = text.plist.entitlements; path = SmartoneHackElevator.entitlements; sourceTree = "<group>"; };
		7BF83F8F217B66DC008476DC /* WindowsAzureMessaging.framework */ = {isa = PBXFileReference; lastKnownFileType = wrapper.framework; path = WindowsAzureMessaging.framework; sourceTree = "<group>"; };
		7BF83F91217B6734008476DC /* HubInfo.h */ = {isa = PBXFileReference; lastKnownFileType = sourcecode.c.h; path = HubInfo.h; sourceTree = "<group>"; };
/* End PBXFileReference section */

/* Begin PBXFrameworksBuildPhase section */
		7BF83F71217B6601008476DC /* Frameworks */ = {
			isa = PBXFrameworksBuildPhase;
			buildActionMask = 2147483647;
			files = (
				7BF83F90217B66DD008476DC /* WindowsAzureMessaging.framework in Frameworks */,
			);
			runOnlyForDeploymentPostprocessing = 0;
		};
/* End PBXFrameworksBuildPhase section */

/* Begin PBXGroup section */
		7BF83F6B217B6601008476DC = {
			isa = PBXGroup;
			children = (
				7BF83F8E217B66DC008476DC /* Frameworks */,
				7BF83F76217B6601008476DC /* SmartoneHackElevator */,
				7BF83F75217B6601008476DC /* Products */,
			);
			sourceTree = "<group>";
		};
		7BF83F75217B6601008476DC /* Products */ = {
			isa = PBXGroup;
			children = (
				7BF83F74217B6601008476DC /* SmartoneHackElevator.app */,
			);
			name = Products;
			sourceTree = "<group>";
		};
		7BF83F76217B6601008476DC /* SmartoneHackElevator */ = {
			isa = PBXGroup;
			children = (
				7BF83F8D217B6621008476DC /* SmartoneHackElevator.entitlements */,
				7BF83F77217B6601008476DC /* AppDelegate.h */,
				7BF83F78217B6601008476DC /* AppDelegate.m */,
				7BF83F7A217B6601008476DC /* ViewController.h */,
				7BF83F7B217B6601008476DC /* ViewController.m */,
				7BF83F7D217B6601008476DC /* Main.storyboard */,
				7BF83F80217B6602008476DC /* Assets.xcassets */,
				7BF83F82217B6602008476DC /* LaunchScreen.storyboard */,
				7BF83F85217B6602008476DC /* Info.plist */,
				7BF83F86217B6602008476DC /* main.m */,
				7BF83F91217B6734008476DC /* HubInfo.h */,
			);
			path = SmartoneHackElevator;
			sourceTree = "<group>";
		};
		7BF83F8E217B66DC008476DC /* Frameworks */ = {
			isa = PBXGroup;
			children = (
				7BF83F8F217B66DC008476DC /* WindowsAzureMessaging.framework */,
			);
			path = Frameworks;
			sourceTree = "<group>";
		};
/* End PBXGroup section */

/* Begin PBXNativeTarget section */
		7BF83F73217B6601008476DC /* SmartoneHackElevator */ = {
			isa = PBXNativeTarget;
			buildConfigurationList = 7BF83F8A217B6602008476DC /* Build configuration list for PBXNativeTarget "SmartoneHackElevator" */;
			buildPhases = (
				7BF83F70217B6601008476DC /* Sources */,
				7BF83F71217B6601008476DC /* Frameworks */,
				7BF83F72217B6601008476DC /* Resources */,
			);
			buildRules = (
			);
			dependencies = (
			);
			name = SmartoneHackElevator;
			productName = SmartoneHackElevator;
			productReference = 7BF83F74217B6601008476DC /* SmartoneHackElevator.app */;
			productType = "com.apple.product-type.application";
		};
/* End PBXNativeTarget section */

/* Begin PBXProject section */
		7BF83F6C217B6601008476DC /* Project object */ = {
			isa = PBXProject;
			attributes = {
				LastUpgradeCheck = 0940;
				ORGANIZATIONNAME = "Brian Chung";
				TargetAttributes = {
					7BF83F73217B6601008476DC = {
						CreatedOnToolsVersion = 9.4.1;
						SystemCapabilities = {
							com.apple.Push = {
								enabled = 1;
							};
						};
					};
				};
			};
			buildConfigurationList = 7BF83F6F217B6601008476DC /* Build configuration list for PBXProject "SmartoneHackElevator" */;
			compatibilityVersion = "Xcode 9.3";
			developmentRegion = en;
			hasScannedForEncodings = 0;
			knownRegions = (
				en,
				Base,
			);
			mainGroup = 7BF83F6B217B6601008476DC;
			productRefGroup = 7BF83F75217B6601008476DC /* Products */;
			projectDirPath = "";
			projectRoot = "";
			targets = (
				7BF83F73217B6601008476DC /* SmartoneHackElevator */,
			);
		};
/* End PBXProject section */

/* Begin PBXResourcesBuildPhase section */
		7BF83F72217B6601008476DC /* Resources */ = {
			isa = PBXResourcesBuildPhase;
			buildActionMask = 2147483647;
			files = (
				7BF83F84217B6602008476DC /* LaunchScreen.storyboard in Resources */,
				7BF83F81217B6602008476DC /* Assets.xcassets in Resources */,
				7BF83F7F217B6601008476DC /* Main.storyboard in Resources */,
			);
			runOnlyForDeploymentPostprocessing = 0;
		};
/* End PBXResourcesBuildPhase section */

/* Begin PBXSourcesBuildPhase section */
		7BF83F70217B6601008476DC /* Sources */ = {
			isa = PBXSourcesBuildPhase;
			buildActionMask = 2147483647;
			files = (
				7BF83F7C217B6601008476DC /* ViewController.m in Sources */,
				7BF83F87217B6602008476DC /* main.m in Sources */,
				7BF83F79217B6601008476DC /* AppDelegate.m in Sources */,
			);
			runOnlyForDeploymentPostprocessing = 0;
		};
/* End PBXSourcesBuildPhase section */

/* Begin PBXVariantGroup section */
		7BF83F7D217B6601008476DC /* Main.storyboard */ = {
			isa = PBXVariantGroup;
			children = (
				7BF83F7E217B6601008476DC /* Base */,
			);
			name = Main.storyboard;
			sourceTree = "<group>";
		};
		7BF83F82217B6602008476DC /* LaunchScreen.storyboard */ = {
			isa = PBXVariantGroup;
			children = (
				7BF83F83217B6602008476DC /* Base */,
			);
			name = LaunchScreen.storyboard;
			sourceTree = "<group>";
		};
/* End PBXVariantGroup section */

/* Begin XCBuildConfiguration section */
		7BF83F88217B6602008476DC /* Debug */ = {
			isa = XCBuildConfiguration;
			buildSettings = {
				ALWAYS_SEARCH_USER_PATHS = NO;
				CLANG_ANALYZER_NONNULL = YES;
				CLANG_ANALYZER_NUMBER_OBJECT_CONVERSION = YES_AGGRESSIVE;
				CLANG_CXX_LANGUAGE_STANDARD = "gnu++14";
				CLANG_CXX_LIBRARY = "libc++";
				CLANG_ENABLE_MODULES = YES;
				CLANG_ENABLE_OBJC_ARC = YES;
				CLANG_ENABLE_OBJC_WEAK = YES;
				CLANG_WARN_BLOCK_CAPTURE_AUTORELEASING = YES;
				CLANG_WARN_BOOL_CONVERSION = YES;
				CLANG_WARN_COMMA = YES;
				CLANG_WARN_CONSTANT_CONVERSION = YES;
				CLANG_WARN_DEPRECATED_OBJC_IMPLEMENTATIONS = YES;
				CLANG_WARN_DIRECT_OBJC_ISA_USAGE = YES_ERROR;
				CLANG_WARN_DOCUMENTATION_COMMENTS = YES;
				CLANG_WARN_EMPTY_BODY = YES;
				CLANG_WARN_ENUM_CONVERSION = YES;
				CLANG_WARN_INFINITE_RECURSION = YES;
				CLANG_WARN_INT_CONVERSION = YES;
				CLANG_WARN_NON_LITERAL_NULL_CONVERSION = YES;
				CLANG_WARN_OBJC_IMPLICIT_RETAIN_SELF = YES;
				CLANG_WARN_OBJC_LITERAL_CONVERSION = YES;
				CLANG_WARN_OBJC_ROOT_CLASS = YES_ERROR;
				CLANG_WARN_RANGE_LOOP_ANALYSIS = YES;
				CLANG_WARN_STRICT_PROTOTYPES = YES;
				CLANG_WARN_SUSPICIOUS_MOVE = YES;
				CLANG_WARN_UNGUARDED_AVAILABILITY = YES_AGGRESSIVE;
				CLANG_WARN_UNREACHABLE_CODE = YES;
				CLANG_WARN__DUPLICATE_METHOD_MATCH = YES;
				CODE_SIGN_IDENTITY = "iPhone Developer";
				COPY_PHASE_STRIP = NO;
				DEBUG_INFORMATION_FORMAT = dwarf;
				ENABLE_STRICT_OBJC_MSGSEND = YES;
				ENABLE_TESTABILITY = YES;
				GCC_C_LANGUAGE_STANDARD = gnu11;
				GCC_DYNAMIC_NO_PIC = NO;
				GCC_NO_COMMON_BLOCKS = YES;
				GCC_OPTIMIZATION_LEVEL = 0;
				GCC_PREPROCESSOR_DEFINITIONS = (
					"DEBUG=1",
					"$(inherited)",
				);
				GCC_WARN_64_TO_32_BIT_CONVERSION = YES;
				GCC_WARN_ABOUT_RETURN_TYPE = YES_ERROR;
				GCC_WARN_UNDECLARED_SELECTOR = YES;
				GCC_WARN_UNINITIALIZED_AUTOS = YES_AGGRESSIVE;
				GCC_WARN_UNUSED_FUNCTION = YES;
				GCC_WARN_UNUSED_VARIABLE = YES;
				IPHONEOS_DEPLOYMENT_TARGET = 11.4;
				MTL_ENABLE_DEBUG_INFO = YES;
				ONLY_ACTIVE_ARCH = YES;
				SDKROOT = iphoneos;
			};
			name = Debug;
		};
		7BF83F89217B6602008476DC /* Release */ = {
			isa = XCBuildConfiguration;
			buildSettings = {
				ALWAYS_SEARCH_USER_PATHS = NO;
				CLANG_ANALYZER_NONNULL = YES;
				CLANG_ANALYZER_NUMBER_OBJECT_CONVERSION = YES_AGGRESSIVE;
				CLANG_CXX_LANGUAGE_STANDARD = "gnu++14";
				CLANG_CXX_LIBRARY = "libc++";
				CLANG_ENABLE_MODULES = YES;
				CLANG_ENABLE_OBJC_ARC = YES;
				CLANG_ENABLE_OBJC_WEAK = YES;
				CLANG_WARN_BLOCK_CAPTURE_AUTORELEASING = YES;
				CLANG_WARN_BOOL_CONVERSION = YES;
				CLANG_WARN_COMMA = YES;
				CLANG_WARN_CONSTANT_CONVERSION = YES;
				CLANG_WARN_DEPRECATED_OBJC_IMPLEMENTATIONS = YES;
				CLANG_WARN_DIRECT_OBJC_ISA_USAGE = YES_ERROR;
				CLANG_WARN_DOCUMENTATION_COMMENTS = YES;
				CLANG_WARN_EMPTY_BODY = YES;
				CLANG_WARN_ENUM_CONVERSION = YES;
				CLANG_WARN_INFINITE_RECURSION = YES;
				CLANG_WARN_INT_CONVERSION = YES;
				CLANG_WARN_NON_LITERAL_NULL_CONVERSION = YES;
				CLANG_WARN_OBJC_IMPLICIT_RETAIN_SELF = YES;
				CLANG_WARN_OBJC_LITERAL_CONVERSION = YES;
				CLANG_WARN_OBJC_ROOT_CLASS = YES_ERROR;
				CLANG_WARN_RANGE_LOOP_ANALYSIS = YES;
				CLANG_WARN_STRICT_PROTOTYPES = YES;
				CLANG_WARN_SUSPICIOUS_MOVE = YES;
				CLANG_WARN_UNGUARDED_AVAILABILITY = YES_AGGRESSIVE;
				CLANG_WARN_UNREACHABLE_CODE = YES;
				CLANG_WARN__DUPLICATE_METHOD_MATCH = YES;
				CODE_SIGN_IDENTITY = "iPhone Developer";
				COPY_PHASE_STRIP = NO;
				DEBUG_INFORMATION_FORMAT = "dwarf-with-dsym";
				ENABLE_NS_ASSERTIONS = NO;
				ENABLE_STRICT_OBJC_MSGSEND = YES;
				GCC_C_LANGUAGE_STANDARD = gnu11;
				GCC_NO_COMMON_BLOCKS = YES;
				GCC_WARN_64_TO_32_BIT_CONVERSION = YES;
				GCC_WARN_ABOUT_RETURN_TYPE = YES_ERROR;
				GCC_WARN_UNDECLARED_SELECTOR = YES;
				GCC_WARN_UNINITIALIZED_AUTOS = YES_AGGRESSIVE;
				GCC_WARN_UNUSED_FUNCTION = YES;
				GCC_WARN_UNUSED_VARIABLE = YES;
				IPHONEOS_DEPLOYMENT_TARGET = 11.4;
				MTL_ENABLE_DEBUG_INFO = NO;
				SDKROOT = iphoneos;
				VALIDATE_PRODUCT = YES;
			};
			name = Release;
		};
		7BF83F8B217B6602008476DC /* Debug */ = {
			isa = XCBuildConfiguration;
			buildSettings = {
				ASSETCATALOG_COMPILER_APPICON_NAME = AppIcon;
				CODE_SIGN_ENTITLEMENTS = SmartoneHackElevator/SmartoneHackElevator.entitlements;
				CODE_SIGN_STYLE = Automatic;
				DEVELOPMENT_TEAM = GQT83GGM9E;
				FRAMEWORK_SEARCH_PATHS = (
					"$(inherited)",
					"$(PROJECT_DIR)/Frameworks",
				);
				INFOPLIST_FILE = SmartoneHackElevator/Info.plist;
				LD_RUNPATH_SEARCH_PATHS = (
					"$(inherited)",
					"@executable_path/Frameworks",
				);
				PRODUCT_BUNDLE_IDENTIFIER = hk.kev.smt.hackathon2018;
				PRODUCT_NAME = "$(TARGET_NAME)";
				TARGETED_DEVICE_FAMILY = "1,2";
			};
			name = Debug;
		};
		7BF83F8C217B6602008476DC /* Release */ = {
			isa = XCBuildConfiguration;
			buildSettings = {
				ASSETCATALOG_COMPILER_APPICON_NAME = AppIcon;
				CODE_SIGN_ENTITLEMENTS = SmartoneHackElevator/SmartoneHackElevator.entitlements;
				CODE_SIGN_STYLE = Automatic;
				DEVELOPMENT_TEAM = GQT83GGM9E;
				FRAMEWORK_SEARCH_PATHS = (
					"$(inherited)",
					"$(PROJECT_DIR)/Frameworks",
				);
				INFOPLIST_FILE = SmartoneHackElevator/Info.plist;
				LD_RUNPATH_SEARCH_PATHS = (
					"$(inherited)",
					"@executable_path/Frameworks",
				);
				PRODUCT_BUNDLE_IDENTIFIER = hk.kev.smt.hackathon2018;
				PRODUCT_NAME = "$(TARGET_NAME)";
				TARGETED_DEVICE_FAMILY = "1,2";
			};
			name = Release;
		};
/* End XCBuildConfiguration section */

/* Begin XCConfigurationList section */
		7BF83F6F217B6601008476DC /* Build configuration list for PBXProject "SmartoneHackElevator" */ = {
			isa = XCConfigurationList;
			buildConfigurations = (
				7BF83F88217B6602008476DC /* Debug */,
				7BF83F89217B6602008476DC /* Release */,
			);
			defaultConfigurationIsVisible = 0;
			defaultConfigurationName = Release;
		};
		7BF83F8A217B6602008476DC /* Build configuration list for PBXNativeTarget "SmartoneHackElevator" */ = {
			isa = XCConfigurationList;
			buildConfigurations = (
				7BF83F8B217B6602008476DC /* Debug */,
				7BF83F8C217B6602008476DC /* Release */,
			);
			defaultConfigurationIsVisible = 0;
			defaultConfigurationName = Release;
		};
/* End XCConfigurationList section */
	};
	rootObject = 7BF83F6C217B6601008476DC /* Project object */;
}
